// !$*UTF8*$!
{
	archiveVersion = 1;
	classes = {
	};
	objectVersion = 56;
	objects = {

/* Begin PBXBuildFile section */
		623562B52BE8539D009E3622 /* FollowerListViewController.swift in Sources */ = {isa = PBXBuildFile; fileRef = 623562B42BE8539D009E3622 /* FollowerListViewController.swift */; };
		6262A7C82BE4476A00C4958D /* AppDelegate.swift in Sources */ = {isa = PBXBuildFile; fileRef = 6262A7C72BE4476A00C4958D /* AppDelegate.swift */; };
		6262A7CA2BE4476A00C4958D /* SceneDelegate.swift in Sources */ = {isa = PBXBuildFile; fileRef = 6262A7C92BE4476A00C4958D /* SceneDelegate.swift */; };
		6262A7D12BE4476B00C4958D /* Assets.xcassets in Resources */ = {isa = PBXBuildFile; fileRef = 6262A7D02BE4476B00C4958D /* Assets.xcassets */; };
		6262A7D42BE4476B00C4958D /* Base in Resources */ = {isa = PBXBuildFile; fileRef = 6262A7D32BE4476B00C4958D /* Base */; };
		6262A7DC2BE4576F00C4958D /* SearchViewController.swift in Sources */ = {isa = PBXBuildFile; fileRef = 6262A7DB2BE4576F00C4958D /* SearchViewController.swift */; };
		6262A7DE2BE457FC00C4958D /* FavoritesListViewController.swift in Sources */ = {isa = PBXBuildFile; fileRef = 6262A7DD2BE457FC00C4958D /* FavoritesListViewController.swift */; };
		62F301C42BE97F0300B12AD0 /* GFTitleLabel.swift in Sources */ = {isa = PBXBuildFile; fileRef = 62F301C32BE97F0300B12AD0 /* GFTitleLabel.swift */; };
		62F301C62BE981D600B12AD0 /* GFBodyLabel.swift in Sources */ = {isa = PBXBuildFile; fileRef = 62F301C52BE981D600B12AD0 /* GFBodyLabel.swift */; };
		62F301C82BE982CD00B12AD0 /* GFAlertViewController.swift in Sources */ = {isa = PBXBuildFile; fileRef = 62F301C72BE982CD00B12AD0 /* GFAlertViewController.swift */; };
		62F301CA2BE995AB00B12AD0 /* UIViewController+Ext.swift in Sources */ = {isa = PBXBuildFile; fileRef = 62F301C92BE995AB00B12AD0 /* UIViewController+Ext.swift */; };
		62FADF692BE5466E00FA7206 /* GFButton.swift in Sources */ = {isa = PBXBuildFile; fileRef = 62FADF682BE5466E00FA7206 /* GFButton.swift */; };
		62FADF6B2BE54B6000FA7206 /* GFTextField.swift in Sources */ = {isa = PBXBuildFile; fileRef = 62FADF6A2BE54B6000FA7206 /* GFTextField.swift */; };
/* End PBXBuildFile section */

/* Begin PBXFileReference section */
		623562B42BE8539D009E3622 /* FollowerListViewController.swift */ = {isa = PBXFileReference; lastKnownFileType = sourcecode.swift; path = FollowerListViewController.swift; sourceTree = "<group>"; };
		6262A7C42BE4476A00C4958D /* GitHubFollowers.app */ = {isa = PBXFileReference; explicitFileType = wrapper.application; includeInIndex = 0; path = GitHubFollowers.app; sourceTree = BUILT_PRODUCTS_DIR; };
		6262A7C72BE4476A00C4958D /* AppDelegate.swift */ = {isa = PBXFileReference; lastKnownFileType = sourcecode.swift; path = AppDelegate.swift; sourceTree = "<group>"; };
		6262A7C92BE4476A00C4958D /* SceneDelegate.swift */ = {isa = PBXFileReference; lastKnownFileType = sourcecode.swift; path = SceneDelegate.swift; sourceTree = "<group>"; };
		6262A7D02BE4476B00C4958D /* Assets.xcassets */ = {isa = PBXFileReference; lastKnownFileType = folder.assetcatalog; path = Assets.xcassets; sourceTree = "<group>"; };
		6262A7D32BE4476B00C4958D /* Base */ = {isa = PBXFileReference; lastKnownFileType = file.storyboard; name = Base; path = Base.lproj/LaunchScreen.storyboard; sourceTree = "<group>"; };
		6262A7D52BE4476B00C4958D /* Info.plist */ = {isa = PBXFileReference; lastKnownFileType = text.plist.xml; path = Info.plist; sourceTree = "<group>"; };
		6262A7DB2BE4576F00C4958D /* SearchViewController.swift */ = {isa = PBXFileReference; lastKnownFileType = sourcecode.swift; path = SearchViewController.swift; sourceTree = "<group>"; };
		6262A7DD2BE457FC00C4958D /* FavoritesListViewController.swift */ = {isa = PBXFileReference; lastKnownFileType = sourcecode.swift; path = FavoritesListViewController.swift; sourceTree = "<group>"; };
		62F301C32BE97F0300B12AD0 /* GFTitleLabel.swift */ = {isa = PBXFileReference; lastKnownFileType = sourcecode.swift; path = GFTitleLabel.swift; sourceTree = "<group>"; };
		62F301C52BE981D600B12AD0 /* GFBodyLabel.swift */ = {isa = PBXFileReference; lastKnownFileType = sourcecode.swift; path = GFBodyLabel.swift; sourceTree = "<group>"; };
		62F301C72BE982CD00B12AD0 /* GFAlertViewController.swift */ = {isa = PBXFileReference; lastKnownFileType = sourcecode.swift; path = GFAlertViewController.swift; sourceTree = "<group>"; };
		62F301C92BE995AB00B12AD0 /* UIViewController+Ext.swift */ = {isa = PBXFileReference; lastKnownFileType = sourcecode.swift; path = "UIViewController+Ext.swift"; sourceTree = "<group>"; };
		62FADF682BE5466E00FA7206 /* GFButton.swift */ = {isa = PBXFileReference; lastKnownFileType = sourcecode.swift; path = GFButton.swift; sourceTree = "<group>"; };
		62FADF6A2BE54B6000FA7206 /* GFTextField.swift */ = {isa = PBXFileReference; lastKnownFileType = sourcecode.swift; path = GFTextField.swift; sourceTree = "<group>"; };
/* End PBXFileReference section */

/* Begin PBXFrameworksBuildPhase section */
		6262A7C12BE4476A00C4958D /* Frameworks */ = {
			isa = PBXFrameworksBuildPhase;
			buildActionMask = 2147483647;
			files = (
			);
			runOnlyForDeploymentPostprocessing = 0;
		};
/* End PBXFrameworksBuildPhase section */

/* Begin PBXGroup section */
		623562B62BE853B3009E3622 /* Controller */ = {
			isa = PBXGroup;
			children = (
				6262A7DB2BE4576F00C4958D /* SearchViewController.swift */,
				6262A7DD2BE457FC00C4958D /* FavoritesListViewController.swift */,
				623562B42BE8539D009E3622 /* FollowerListViewController.swift */,
				62F301C72BE982CD00B12AD0 /* GFAlertViewController.swift */,
			);
			path = Controller;
			sourceTree = "<group>";
		};
		623562B72BE853CF009E3622 /* View */ = {
			isa = PBXGroup;
			children = (
				62FADF682BE5466E00FA7206 /* GFButton.swift */,
				62FADF6A2BE54B6000FA7206 /* GFTextField.swift */,
				62F301C32BE97F0300B12AD0 /* GFTitleLabel.swift */,
				62F301C52BE981D600B12AD0 /* GFBodyLabel.swift */,
			);
			path = View;
			sourceTree = "<group>";
		};
		623562B82BE853DC009E3622 /* Model */ = {
			isa = PBXGroup;
			children = (
			);
			path = Model;
			sourceTree = "<group>";
		};
		6262A7BB2BE4476A00C4958D = {
			isa = PBXGroup;
			children = (
				6262A7C62BE4476A00C4958D /* GitHubFollowers */,
				6262A7C52BE4476A00C4958D /* Products */,
			);
			sourceTree = "<group>";
		};
		6262A7C52BE4476A00C4958D /* Products */ = {
			isa = PBXGroup;
			children = (
				6262A7C42BE4476A00C4958D /* GitHubFollowers.app */,
			);
			name = Products;
			sourceTree = "<group>";
		};
		6262A7C62BE4476A00C4958D /* GitHubFollowers */ = {
			isa = PBXGroup;
			children = (
				6262A7C72BE4476A00C4958D /* AppDelegate.swift */,
				6262A7C92BE4476A00C4958D /* SceneDelegate.swift */,
				623562B82BE853DC009E3622 /* Model */,
				623562B72BE853CF009E3622 /* View */,
				623562B62BE853B3009E3622 /* Controller */,
				62F301CB2BE99C9900B12AD0 /* Extensions */,
				6262A7D02BE4476B00C4958D /* Assets.xcassets */,
				6262A7D22BE4476B00C4958D /* LaunchScreen.storyboard */,
				6262A7D52BE4476B00C4958D /* Info.plist */,
			);
			path = GitHubFollowers;
			sourceTree = "<group>";
		};
		62F301CB2BE99C9900B12AD0 /* Extensions */ = {
			isa = PBXGroup;
			children = (
				62F301C92BE995AB00B12AD0 /* UIViewController+Ext.swift */,
			);
			path = Extensions;
			sourceTree = "<group>";
		};
/* End PBXGroup section */

/* Begin PBXNativeTarget section */
		6262A7C32BE4476A00C4958D /* GitHubFollowers */ = {
			isa = PBXNativeTarget;
			buildConfigurationList = 6262A7D82BE4476B00C4958D /* Build configuration list for PBXNativeTarget "GitHubFollowers" */;
			buildPhases = (
				6262A7C02BE4476A00C4958D /* Sources */,
				6262A7C12BE4476A00C4958D /* Frameworks */,
				6262A7C22BE4476A00C4958D /* Resources */,
			);
			buildRules = (
			);
			dependencies = (
			);
			name = GitHubFollowers;
			productName = GitHubFollowers;
			productReference = 6262A7C42BE4476A00C4958D /* GitHubFollowers.app */;
			productType = "com.apple.product-type.application";
		};
/* End PBXNativeTarget section */

/* Begin PBXProject section */
		6262A7BC2BE4476A00C4958D /* Project object */ = {
			isa = PBXProject;
			attributes = {
				BuildIndependentTargetsInParallel = 1;
				LastSwiftUpdateCheck = 1530;
				LastUpgradeCheck = 1530;
				TargetAttributes = {
					6262A7C32BE4476A00C4958D = {
						CreatedOnToolsVersion = 15.3;
					};
				};
			};
			buildConfigurationList = 6262A7BF2BE4476A00C4958D /* Build configuration list for PBXProject "GitHubFollowers" */;
			compatibilityVersion = "Xcode 14.0";
			developmentRegion = en;
			hasScannedForEncodings = 0;
			knownRegions = (
				en,
				Base,
			);
			mainGroup = 6262A7BB2BE4476A00C4958D;
			productRefGroup = 6262A7C52BE4476A00C4958D /* Products */;
			projectDirPath = "";
			projectRoot = "";
			targets = (
				6262A7C32BE4476A00C4958D /* GitHubFollowers */,
			);
		};
/* End PBXProject section */

/* Begin PBXResourcesBuildPhase section */
		6262A7C22BE4476A00C4958D /* Resources */ = {
			isa = PBXResourcesBuildPhase;
			buildActionMask = 2147483647;
			files = (
				6262A7D12BE4476B00C4958D /* Assets.xcassets in Resources */,
				6262A7D42BE4476B00C4958D /* Base in Resources */,
			);
			runOnlyForDeploymentPostprocessing = 0;
		};
/* End PBXResourcesBuildPhase section */

/* Begin PBXSourcesBuildPhase section */
		6262A7C02BE4476A00C4958D /* Sources */ = {
			isa = PBXSourcesBuildPhase;
			buildActionMask = 2147483647;
			files = (
				62F301C82BE982CD00B12AD0 /* GFAlertViewController.swift in Sources */,
				62FADF6B2BE54B6000FA7206 /* GFTextField.swift in Sources */,
				6262A7DE2BE457FC00C4958D /* FavoritesListViewController.swift in Sources */,
				62F301CA2BE995AB00B12AD0 /* UIViewController+Ext.swift in Sources */,
				62FADF692BE5466E00FA7206 /* GFButton.swift in Sources */,
				623562B52BE8539D009E3622 /* FollowerListViewController.swift in Sources */,
				62F301C62BE981D600B12AD0 /* GFBodyLabel.swift in Sources */,
				62F301C42BE97F0300B12AD0 /* GFTitleLabel.swift in Sources */,
				6262A7C82BE4476A00C4958D /* AppDelegate.swift in Sources */,
				6262A7DC2BE4576F00C4958D /* SearchViewController.swift in Sources */,
				6262A7CA2BE4476A00C4958D /* SceneDelegate.swift in Sources */,
			);
			runOnlyForDeploymentPostprocessing = 0;
		};
/* End PBXSourcesBuildPhase section */

/* Begin PBXVariantGroup section */
		6262A7D22BE4476B00C4958D /* LaunchScreen.storyboard */ = {
			isa = PBXVariantGroup;
			children = (
				6262A7D32BE4476B00C4958D /* Base */,
			);
			name = LaunchScreen.storyboard;
			sourceTree = "<group>";
		};
/* End PBXVariantGroup section */

/* Begin XCBuildConfiguration section */
		6262A7D62BE4476B00C4958D /* Debug */ = {
			isa = XCBuildConfiguration;
			buildSettings = {
				ALWAYS_SEARCH_USER_PATHS = NO;
				ASSETCATALOG_COMPILER_GENERATE_SWIFT_ASSET_SYMBOL_EXTENSIONS = YES;
				CLANG_ANALYZER_NONNULL = YES;
				CLANG_ANALYZER_NUMBER_OBJECT_CONVERSION = YES_AGGRESSIVE;
				CLANG_CXX_LANGUAGE_STANDARD = "gnu++20";
				CLANG_ENABLE_MODULES = YES;
				CLANG_ENABLE_OBJC_ARC = YES;
				CLANG_ENABLE_OBJC_WEAK = YES;
				CLANG_WARN_BLOCK_CAPTURE_AUTORELEASING = YES;
				CLANG_WARN_BOOL_CONVERSION = YES;
				CLANG_WARN_COMMA = YES;
				CLANG_WARN_CONSTANT_CONVERSION = YES;
				CLANG_WARN_DEPRECATED_OBJC_IMPLEMENTATIONS = YES;
				CLANG_WARN_DIRECT_OBJC_ISA_USAGE = YES_ERROR;
				CLANG_WARN_DOCUMENTATION_COMMENTS = YES;
				CLANG_WARN_EMPTY_BODY = YES;
				CLANG_WARN_ENUM_CONVERSION = YES;
				CLANG_WARN_INFINITE_RECURSION = YES;
				CLANG_WARN_INT_CONVERSION = YES;
				CLANG_WARN_NON_LITERAL_NULL_CONVERSION = YES;
				CLANG_WARN_OBJC_IMPLICIT_RETAIN_SELF = YES;
				CLANG_WARN_OBJC_LITERAL_CONVERSION = YES;
				CLANG_WARN_OBJC_ROOT_CLASS = YES_ERROR;
				CLANG_WARN_QUOTED_INCLUDE_IN_FRAMEWORK_HEADER = YES;
				CLANG_WARN_RANGE_LOOP_ANALYSIS = YES;
				CLANG_WARN_STRICT_PROTOTYPES = YES;
				CLANG_WARN_SUSPICIOUS_MOVE = YES;
				CLANG_WARN_UNGUARDED_AVAILABILITY = YES_AGGRESSIVE;
				CLANG_WARN_UNREACHABLE_CODE = YES;
				CLANG_WARN__DUPLICATE_METHOD_MATCH = YES;
				COPY_PHASE_STRIP = NO;
				DEBUG_INFORMATION_FORMAT = dwarf;
				ENABLE_STRICT_OBJC_MSGSEND = YES;
				ENABLE_TESTABILITY = YES;
				ENABLE_USER_SCRIPT_SANDBOXING = YES;
				GCC_C_LANGUAGE_STANDARD = gnu17;
				GCC_DYNAMIC_NO_PIC = NO;
				GCC_NO_COMMON_BLOCKS = YES;
				GCC_OPTIMIZATION_LEVEL = 0;
				GCC_PREPROCESSOR_DEFINITIONS = (
					"DEBUG=1",
					"$(inherited)",
				);
				GCC_WARN_64_TO_32_BIT_CONVERSION = YES;
				GCC_WARN_ABOUT_RETURN_TYPE = YES_ERROR;
				GCC_WARN_UNDECLARED_SELECTOR = YES;
				GCC_WARN_UNINITIALIZED_AUTOS = YES_AGGRESSIVE;
				GCC_WARN_UNUSED_FUNCTION = YES;
				GCC_WARN_UNUSED_VARIABLE = YES;
				IPHONEOS_DEPLOYMENT_TARGET = 17.4;
				LOCALIZATION_PREFERS_STRING_CATALOGS = YES;
				MTL_ENABLE_DEBUG_INFO = INCLUDE_SOURCE;
				MTL_FAST_MATH = YES;
				ONLY_ACTIVE_ARCH = YES;
				SDKROOT = iphoneos;
				SWIFT_ACTIVE_COMPILATION_CONDITIONS = "DEBUG $(inherited)";
				SWIFT_OPTIMIZATION_LEVEL = "-Onone";
			};
			name = Debug;
		};
		6262A7D72BE4476B00C4958D /* Release */ = {
			isa = XCBuildConfiguration;
			buildSettings = {
				ALWAYS_SEARCH_USER_PATHS = NO;
				ASSETCATALOG_COMPILER_GENERATE_SWIFT_ASSET_SYMBOL_EXTENSIONS = YES;
				CLANG_ANALYZER_NONNULL = YES;
				CLANG_ANALYZER_NUMBER_OBJECT_CONVERSION = YES_AGGRESSIVE;
				CLANG_CXX_LANGUAGE_STANDARD = "gnu++20";
				CLANG_ENABLE_MODULES = YES;
				CLANG_ENABLE_OBJC_ARC = YES;
				CLANG_ENABLE_OBJC_WEAK = YES;
				CLANG_WARN_BLOCK_CAPTURE_AUTORELEASING = YES;
				CLANG_WARN_BOOL_CONVERSION = YES;
				CLANG_WARN_COMMA = YES;
				CLANG_WARN_CONSTANT_CONVERSION = YES;
				CLANG_WARN_DEPRECATED_OBJC_IMPLEMENTATIONS = YES;
				CLANG_WARN_DIRECT_OBJC_ISA_USAGE = YES_ERROR;
				CLANG_WARN_DOCUMENTATION_COMMENTS = YES;
				CLANG_WARN_EMPTY_BODY = YES;
				CLANG_WARN_ENUM_CONVERSION = YES;
				CLANG_WARN_INFINITE_RECURSION = YES;
				CLANG_WARN_INT_CONVERSION = YES;
				CLANG_WARN_NON_LITERAL_NULL_CONVERSION = YES;
				CLANG_WARN_OBJC_IMPLICIT_RETAIN_SELF = YES;
				CLANG_WARN_OBJC_LITERAL_CONVERSION = YES;
				CLANG_WARN_OBJC_ROOT_CLASS = YES_ERROR;
				CLANG_WARN_QUOTED_INCLUDE_IN_FRAMEWORK_HEADER = YES;
				CLANG_WARN_RANGE_LOOP_ANALYSIS = YES;
				CLANG_WARN_STRICT_PROTOTYPES = YES;
				CLANG_WARN_SUSPICIOUS_MOVE = YES;
				CLANG_WARN_UNGUARDED_AVAILABILITY = YES_AGGRESSIVE;
				CLANG_WARN_UNREACHABLE_CODE = YES;
				CLANG_WARN__DUPLICATE_METHOD_MATCH = YES;
				COPY_PHASE_STRIP = NO;
				DEBUG_INFORMATION_FORMAT = "dwarf-with-dsym";
				ENABLE_NS_ASSERTIONS = NO;
				ENABLE_STRICT_OBJC_MSGSEND = YES;
				ENABLE_USER_SCRIPT_SANDBOXING = YES;
				GCC_C_LANGUAGE_STANDARD = gnu17;
				GCC_NO_COMMON_BLOCKS = YES;
				GCC_WARN_64_TO_32_BIT_CONVERSION = YES;
				GCC_WARN_ABOUT_RETURN_TYPE = YES_ERROR;
				GCC_WARN_UNDECLARED_SELECTOR = YES;
				GCC_WARN_UNINITIALIZED_AUTOS = YES_AGGRESSIVE;
				GCC_WARN_UNUSED_FUNCTION = YES;
				GCC_WARN_UNUSED_VARIABLE = YES;
				IPHONEOS_DEPLOYMENT_TARGET = 17.4;
				LOCALIZATION_PREFERS_STRING_CATALOGS = YES;
				MTL_ENABLE_DEBUG_INFO = NO;
				MTL_FAST_MATH = YES;
				SDKROOT = iphoneos;
				SWIFT_COMPILATION_MODE = wholemodule;
				VALIDATE_PRODUCT = YES;
			};
			name = Release;
		};
		6262A7D92BE4476B00C4958D /* Debug */ = {
			isa = XCBuildConfiguration;
			buildSettings = {
				ASSETCATALOG_COMPILER_APPICON_NAME = AppIcon;
				ASSETCATALOG_COMPILER_GLOBAL_ACCENT_COLOR_NAME = AccentColor;
				CODE_SIGN_STYLE = Automatic;
				CURRENT_PROJECT_VERSION = 1;
				GENERATE_INFOPLIST_FILE = YES;
				INFOPLIST_FILE = GitHubFollowers/Info.plist;
				INFOPLIST_KEY_UIApplicationSupportsIndirectInputEvents = YES;
				INFOPLIST_KEY_UILaunchStoryboardName = LaunchScreen;
				INFOPLIST_KEY_UIStatusBarStyle = "";
				INFOPLIST_KEY_UISupportedInterfaceOrientations = "UIInterfaceOrientationLandscapeLeft UIInterfaceOrientationLandscapeRight UIInterfaceOrientationPortrait";
				IPHONEOS_DEPLOYMENT_TARGET = 13.0;
				LD_RUNPATH_SEARCH_PATHS = (
					"$(inherited)",
					"@executable_path/Frameworks",
				);
				MARKETING_VERSION = 1.0;
				PRODUCT_BUNDLE_IDENTIFIER = com.patinya.jaru.GitHubFollowers;
				PRODUCT_NAME = "$(TARGET_NAME)";
				SUPPORTED_PLATFORMS = "iphoneos iphonesimulator";
				SUPPORTS_MACCATALYST = NO;
				SUPPORTS_MAC_DESIGNED_FOR_IPHONE_IPAD = NO;
				SUPPORTS_XR_DESIGNED_FOR_IPHONE_IPAD = NO;
				SWIFT_EMIT_LOC_STRINGS = YES;
				SWIFT_VERSION = 5.0;
				TARGETED_DEVICE_FAMILY = 1;
			};
			name = Debug;
		};
		6262A7DA2BE4476B00C4958D /* Release */ = {
			isa = XCBuildConfiguration;
			buildSettings = {
				ASSETCATALOG_COMPILER_APPICON_NAME = AppIcon;
				ASSETCATALOG_COMPILER_GLOBAL_ACCENT_COLOR_NAME = AccentColor;
				CODE_SIGN_STYLE = Automatic;
				CURRENT_PROJECT_VERSION = 1;
				GENERATE_INFOPLIST_FILE = YES;
				INFOPLIST_FILE = GitHubFollowers/Info.plist;
				INFOPLIST_KEY_UIApplicationSupportsIndirectInputEvents = YES;
				INFOPLIST_KEY_UILaunchStoryboardName = LaunchScreen;
				INFOPLIST_KEY_UIStatusBarStyle = "";
				INFOPLIST_KEY_UISupportedInterfaceOrientations = "UIInterfaceOrientationLandscapeLeft UIInterfaceOrientationLandscapeRight UIInterfaceOrientationPortrait";
				IPHONEOS_DEPLOYMENT_TARGET = 13.0;
				LD_RUNPATH_SEARCH_PATHS = (
					"$(inherited)",
					"@executable_path/Frameworks",
				);
				MARKETING_VERSION = 1.0;
				PRODUCT_BUNDLE_IDENTIFIER = com.patinya.jaru.GitHubFollowers;
				PRODUCT_NAME = "$(TARGET_NAME)";
				SUPPORTED_PLATFORMS = "iphoneos iphonesimulator";
				SUPPORTS_MACCATALYST = NO;
				SUPPORTS_MAC_DESIGNED_FOR_IPHONE_IPAD = NO;
				SUPPORTS_XR_DESIGNED_FOR_IPHONE_IPAD = NO;
				SWIFT_EMIT_LOC_STRINGS = YES;
				SWIFT_VERSION = 5.0;
				TARGETED_DEVICE_FAMILY = 1;
			};
			name = Release;
		};
/* End XCBuildConfiguration section */

/* Begin XCConfigurationList section */
		6262A7BF2BE4476A00C4958D /* Build configuration list for PBXProject "GitHubFollowers" */ = {
			isa = XCConfigurationList;
			buildConfigurations = (
				6262A7D62BE4476B00C4958D /* Debug */,
				6262A7D72BE4476B00C4958D /* Release */,
			);
			defaultConfigurationIsVisible = 0;
			defaultConfigurationName = Release;
		};
		6262A7D82BE4476B00C4958D /* Build configuration list for PBXNativeTarget "GitHubFollowers" */ = {
			isa = XCConfigurationList;
			buildConfigurations = (
				6262A7D92BE4476B00C4958D /* Debug */,
				6262A7DA2BE4476B00C4958D /* Release */,
			);
			defaultConfigurationIsVisible = 0;
			defaultConfigurationName = Release;
		};
/* End XCConfigurationList section */
	};
	rootObject = 6262A7BC2BE4476A00C4958D /* Project object */;
}
